
Microsoft Visual Studio Solution File, Format Version 12.00
# Visual Studio Version 16
VisualStudioVersion = 16.0.30717.126
MinimumVisualStudioVersion = 10.0.40219.1
Project("{FAE04EC0-301F-11D3-BF4B-00C04F79EFBC}") = "ReizTechHomework", "ReizTechHomework\ReizTechHomework.csproj", "{911E8CF2-0AD6-47B6-B429-30514F240BCF}"
EndProject
Global
	GlobalSection(SolutionConfigurationPlatforms) = preSolution
		Debug|Any CPU = Debug|Any CPU
		Release|Any CPU = Release|Any CPU
	EndGlobalSection
	GlobalSection(ProjectConfigurationPlatforms) = postSolution
		{911E8CF2-0AD6-47B6-B429-30514F240BCF}.Debug|Any CPU.ActiveCfg = Debug|Any CPU
		{911E8CF2-0AD6-47B6-B429-30514F240BCF}.Debug|Any CPU.Build.0 = Debug|Any CPU
		{911E8CF2-0AD6-47B6-B429-30514F240BCF}.Release|Any CPU.ActiveCfg = Release|Any CPU
		{911E8CF2-0AD6-47B6-B429-30514F240BCF}.Release|Any CPU.Build.0 = Release|Any CPU
	EndGlobalSection
	GlobalSection(SolutionProperties) = preSolution
		HideSolutionNode = FALSE
	EndGlobalSection
	GlobalSection(ExtensibilityGlobals) = postSolution
		SolutionGuid = {ADBBCFA9-F609-4383-AD44-7B591D160A3B}
	EndGlobalSection
EndGlobal
